
Microsoft Visual Studio Solution File, Format Version 11.00
# Visual Studio 2010
Project("{FAE04EC0-301F-11D3-BF4B-00C04F79EFBC}") = "Gasq - Game Server Query Library", "Gasq\Gasq - Game Server Query Library.csproj", "{8752DDC0-9A5F-45A7-BF54-B4020C6E0EF0}"
EndProject
Project("{FAE04EC0-301F-11D3-BF4B-00C04F79EFBC}") = "TestApp", "TestApp\TestApp.csproj", "{BB82C894-E3EB-405B-8BA2-9C0724312427}"
EndProject
Global
	GlobalSection(SolutionConfigurationPlatforms) = preSolution
		Debug|Any CPU = Debug|Any CPU
		Debug|Mixed Platforms = Debug|Mixed Platforms
		Debug|x86 = Debug|x86
		Release|Any CPU = Release|Any CPU
		Release|Mixed Platforms = Release|Mixed Platforms
		Release|x86 = Release|x86
	EndGlobalSection
	GlobalSection(ProjectConfigurationPlatforms) = postSolution
		{8752DDC0-9A5F-45A7-BF54-B4020C6E0EF0}.Debug|Any CPU.ActiveCfg = Debug|Any CPU
		{8752DDC0-9A5F-45A7-BF54-B4020C6E0EF0}.Debug|Any CPU.Build.0 = Debug|Any CPU
		{8752DDC0-9A5F-45A7-BF54-B4020C6E0EF0}.Debug|Mixed Platforms.ActiveCfg = Debug|Any CPU
		{8752DDC0-9A5F-45A7-BF54-B4020C6E0EF0}.Debug|Mixed Platforms.Build.0 = Debug|Any CPU
		{8752DDC0-9A5F-45A7-BF54-B4020C6E0EF0}.Debug|x86.ActiveCfg = Debug|Any CPU
		{8752DDC0-9A5F-45A7-BF54-B4020C6E0EF0}.Release|Any CPU.ActiveCfg = Release|Any CPU
		{8752DDC0-9A5F-45A7-BF54-B4020C6E0EF0}.Release|Any CPU.Build.0 = Release|Any CPU
		{8752DDC0-9A5F-45A7-BF54-B4020C6E0EF0}.Release|Mixed Platforms.ActiveCfg = Release|Any CPU
		{8752DDC0-9A5F-45A7-BF54-B4020C6E0EF0}.Release|Mixed Platforms.Build.0 = Release|Any CPU
		{8752DDC0-9A5F-45A7-BF54-B4020C6E0EF0}.Release|x86.ActiveCfg = Release|Any CPU
		{BB82C894-E3EB-405B-8BA2-9C0724312427}.Debug|Any CPU.ActiveCfg = Debug|x86
		{BB82C894-E3EB-405B-8BA2-9C0724312427}.Debug|Mixed Platforms.ActiveCfg = Debug|x86
		{BB82C894-E3EB-405B-8BA2-9C0724312427}.Debug|Mixed Platforms.Build.0 = Debug|x86
		{BB82C894-E3EB-405B-8BA2-9C0724312427}.Debug|x86.ActiveCfg = Debug|x86
		{BB82C894-E3EB-405B-8BA2-9C0724312427}.Debug|x86.Build.0 = Debug|x86
		{BB82C894-E3EB-405B-8BA2-9C0724312427}.Release|Any CPU.ActiveCfg = Release|x86
		{BB82C894-E3EB-405B-8BA2-9C0724312427}.Release|Mixed Platforms.ActiveCfg = Release|x86
		{BB82C894-E3EB-405B-8BA2-9C0724312427}.Release|Mixed Platforms.Build.0 = Release|x86
		{BB82C894-E3EB-405B-8BA2-9C0724312427}.Release|x86.ActiveCfg = Release|x86
		{BB82C894-E3EB-405B-8BA2-9C0724312427}.Release|x86.Build.0 = Release|x86
	EndGlobalSection
	GlobalSection(SolutionProperties) = preSolution
		HideSolutionNode = FALSE
	EndGlobalSection
EndGlobal
